
Microsoft Visual Studio Solution File, Format Version 12.00
Project("{FAE04EC0-301F-11D3-BF4B-00C04F79EFBC}") = "Pressagio", "Pressagio\Pressagio.csproj", "{42473E84-5FB6-4CCE-87F9-ABC6091CA4AA}"
EndProject
Project("{FAE04EC0-301F-11D3-BF4B-00C04F79EFBC}") = "JsonSerializer", "JsonSerializer\JsonSerializer.csproj", "{1A8E24CF-D6C3-43DF-99DD-FFBEBE0405EC}"
EndProject
Project("{FAE04EC0-301F-11D3-BF4B-00C04F79EFBC}") = "Loteca", "Loteca\Loteca.csproj", "{2EDCD369-598F-4E9D-A596-E407FF26728A}"
EndProject
Project("{FAE04EC0-301F-11D3-BF4B-00C04F79EFBC}") = "Comparison", "Comparison\Comparison.csproj", "{321E9AD3-F451-4E78-B3B6-EED5C148D4F5}"
EndProject
Project("{FAE04EC0-301F-11D3-BF4B-00C04F79EFBC}") = "TestesDeCodigo", "TestesDeCodigo\TestesDeCodigo.csproj", "{DC74D80F-E93C-443F-B31A-7772D75A087B}"
EndProject
Global
	GlobalSection(SolutionConfigurationPlatforms) = preSolution
		Debug|Any CPU = Debug|Any CPU
		Release|Any CPU = Release|Any CPU
	EndGlobalSection
	GlobalSection(ProjectConfigurationPlatforms) = postSolution
		{42473E84-5FB6-4CCE-87F9-ABC6091CA4AA}.Debug|Any CPU.ActiveCfg = Debug|Any CPU
		{42473E84-5FB6-4CCE-87F9-ABC6091CA4AA}.Debug|Any CPU.Build.0 = Debug|Any CPU
		{42473E84-5FB6-4CCE-87F9-ABC6091CA4AA}.Release|Any CPU.ActiveCfg = Release|Any CPU
		{42473E84-5FB6-4CCE-87F9-ABC6091CA4AA}.Release|Any CPU.Build.0 = Release|Any CPU
		{1A8E24CF-D6C3-43DF-99DD-FFBEBE0405EC}.Debug|Any CPU.ActiveCfg = Debug|Any CPU
		{1A8E24CF-D6C3-43DF-99DD-FFBEBE0405EC}.Debug|Any CPU.Build.0 = Debug|Any CPU
		{1A8E24CF-D6C3-43DF-99DD-FFBEBE0405EC}.Release|Any CPU.ActiveCfg = Release|Any CPU
		{1A8E24CF-D6C3-43DF-99DD-FFBEBE0405EC}.Release|Any CPU.Build.0 = Release|Any CPU
		{2EDCD369-598F-4E9D-A596-E407FF26728A}.Debug|Any CPU.ActiveCfg = Debug|Any CPU
		{2EDCD369-598F-4E9D-A596-E407FF26728A}.Debug|Any CPU.Build.0 = Debug|Any CPU
		{2EDCD369-598F-4E9D-A596-E407FF26728A}.Release|Any CPU.ActiveCfg = Release|Any CPU
		{2EDCD369-598F-4E9D-A596-E407FF26728A}.Release|Any CPU.Build.0 = Release|Any CPU
		{321E9AD3-F451-4E78-B3B6-EED5C148D4F5}.Debug|Any CPU.ActiveCfg = Debug|Any CPU
		{321E9AD3-F451-4E78-B3B6-EED5C148D4F5}.Debug|Any CPU.Build.0 = Debug|Any CPU
		{321E9AD3-F451-4E78-B3B6-EED5C148D4F5}.Release|Any CPU.ActiveCfg = Release|Any CPU
		{321E9AD3-F451-4E78-B3B6-EED5C148D4F5}.Release|Any CPU.Build.0 = Release|Any CPU
		{DC74D80F-E93C-443F-B31A-7772D75A087B}.Debug|Any CPU.ActiveCfg = Debug|Any CPU
		{DC74D80F-E93C-443F-B31A-7772D75A087B}.Debug|Any CPU.Build.0 = Debug|Any CPU
		{DC74D80F-E93C-443F-B31A-7772D75A087B}.Release|Any CPU.ActiveCfg = Release|Any CPU
		{DC74D80F-E93C-443F-B31A-7772D75A087B}.Release|Any CPU.Build.0 = Release|Any CPU
	EndGlobalSection
EndGlobal
